
Microsoft Visual Studio Solution File, Format Version 12.00
# Visual Studio Version 16
VisualStudioVersion = 16.0.31025.194
MinimumVisualStudioVersion = 10.0.40219.1
Project("{FAE04EC0-301F-11D3-BF4B-00C04F79EFBC}") = "xadrez-console-ex", "xadrez-console-ex\xadrez-console-ex.csproj", "{001A929E-D9F1-417E-A197-C04F2CC82904}"
EndProject
Global
	GlobalSection(SolutionConfigurationPlatforms) = preSolution
		Debug|Any CPU = Debug|Any CPU
		Release|Any CPU = Release|Any CPU
	EndGlobalSection
	GlobalSection(ProjectConfigurationPlatforms) = postSolution
		{001A929E-D9F1-417E-A197-C04F2CC82904}.Debug|Any CPU.ActiveCfg = Debug|Any CPU
		{001A929E-D9F1-417E-A197-C04F2CC82904}.Debug|Any CPU.Build.0 = Debug|Any CPU
		{001A929E-D9F1-417E-A197-C04F2CC82904}.Release|Any CPU.ActiveCfg = Release|Any CPU
		{001A929E-D9F1-417E-A197-C04F2CC82904}.Release|Any CPU.Build.0 = Release|Any CPU
	EndGlobalSection
	GlobalSection(SolutionProperties) = preSolution
		HideSolutionNode = FALSE
	EndGlobalSection
	GlobalSection(ExtensibilityGlobals) = postSolution
		SolutionGuid = {CA9DE8F0-BDE6-4ECF-A543-28902842BE3F}
	EndGlobalSection
EndGlobal
